
Microsoft Visual Studio Solution File, Format Version 12.00
# Visual Studio Version 16
VisualStudioVersion = 16.0.31321.278
MinimumVisualStudioVersion = 10.0.40219.1
Project("{FAE04EC0-301F-11D3-BF4B-00C04F79EFBC}") = "MVCDropDownCasc", "MVCDropDownCasc\MVCDropDownCasc.csproj", "{37713166-956A-4CCF-BD24-F177A3F253A0}"
EndProject
Global
	GlobalSection(SolutionConfigurationPlatforms) = preSolution
		Debug|Any CPU = Debug|Any CPU
		Release|Any CPU = Release|Any CPU
	EndGlobalSection
	GlobalSection(ProjectConfigurationPlatforms) = postSolution
		{37713166-956A-4CCF-BD24-F177A3F253A0}.Debug|Any CPU.ActiveCfg = Debug|Any CPU
		{37713166-956A-4CCF-BD24-F177A3F253A0}.Debug|Any CPU.Build.0 = Debug|Any CPU
		{37713166-956A-4CCF-BD24-F177A3F253A0}.Release|Any CPU.ActiveCfg = Release|Any CPU
		{37713166-956A-4CCF-BD24-F177A3F253A0}.Release|Any CPU.Build.0 = Release|Any CPU
	EndGlobalSection
	GlobalSection(SolutionProperties) = preSolution
		HideSolutionNode = FALSE
	EndGlobalSection
	GlobalSection(ExtensibilityGlobals) = postSolution
		SolutionGuid = {241B0680-5548-4DC1-BFAE-CCF2935E8517}
	EndGlobalSection
EndGlobal
