
Microsoft Visual Studio Solution File, Format Version 12.00
# Visual Studio Version 16
VisualStudioVersion = 16.0.31321.278
MinimumVisualStudioVersion = 10.0.40219.1
Project("{FAE04EC0-301F-11D3-BF4B-00C04F79EFBC}") = "ExcelOperation", "ExcelOperation\ExcelOperation.csproj", "{53564274-969F-4442-85F3-0978D2F6AE8A}"
EndProject
Global
	GlobalSection(SolutionConfigurationPlatforms) = preSolution
		Debug|Any CPU = Debug|Any CPU
		Release|Any CPU = Release|Any CPU
	EndGlobalSection
	GlobalSection(ProjectConfigurationPlatforms) = postSolution
		{53564274-969F-4442-85F3-0978D2F6AE8A}.Debug|Any CPU.ActiveCfg = Debug|Any CPU
		{53564274-969F-4442-85F3-0978D2F6AE8A}.Debug|Any CPU.Build.0 = Debug|Any CPU
		{53564274-969F-4442-85F3-0978D2F6AE8A}.Release|Any CPU.ActiveCfg = Release|Any CPU
		{53564274-969F-4442-85F3-0978D2F6AE8A}.Release|Any CPU.Build.0 = Release|Any CPU
	EndGlobalSection
	GlobalSection(SolutionProperties) = preSolution
		HideSolutionNode = FALSE
	EndGlobalSection
	GlobalSection(ExtensibilityGlobals) = postSolution
		SolutionGuid = {443C121C-F4DD-41E1-8C2A-1317E22505C3}
	EndGlobalSection
EndGlobal
